
Microsoft Visual Studio Solution File, Format Version 12.00
# Visual Studio Version 17
VisualStudioVersion = 17.9.34607.119
MinimumVisualStudioVersion = 10.0.40219.1
Project("{FAE04EC0-301F-11D3-BF4B-00C04F79EFBC}") = "CSharp_Delegates", "CSharp_Delegates.csproj", "{59F521C8-1502-4DCC-AA98-6B21E0FE02DC}"
EndProject
Global
	GlobalSection(SolutionConfigurationPlatforms) = preSolution
		Debug|Any CPU = Debug|Any CPU
		Release|Any CPU = Release|Any CPU
	EndGlobalSection
	GlobalSection(ProjectConfigurationPlatforms) = postSolution
		{59F521C8-1502-4DCC-AA98-6B21E0FE02DC}.Debug|Any CPU.ActiveCfg = Debug|Any CPU
		{59F521C8-1502-4DCC-AA98-6B21E0FE02DC}.Debug|Any CPU.Build.0 = Debug|Any CPU
		{59F521C8-1502-4DCC-AA98-6B21E0FE02DC}.Release|Any CPU.ActiveCfg = Release|Any CPU
		{59F521C8-1502-4DCC-AA98-6B21E0FE02DC}.Release|Any CPU.Build.0 = Release|Any CPU
	EndGlobalSection
	GlobalSection(SolutionProperties) = preSolution
		HideSolutionNode = FALSE
	EndGlobalSection
	GlobalSection(ExtensibilityGlobals) = postSolution
		SolutionGuid = {0DC26AA0-2B1B-4589-8A7E-2BC19F82C0E1}
	EndGlobalSection
EndGlobal
